
Microsoft Visual Studio Solution File, Format Version 12.00
# Visual Studio 15
VisualStudioVersion = 15.0.27703.2000
MinimumVisualStudioVersion = 10.0.40219.1
Project("{FAE04EC0-301F-11D3-BF4B-00C04F79EFBC}") = "AutomationFramework", "AutomationFramework\AutomationFramework.csproj", "{A2370415-68FB-4634-9173-BF2FDEABFB7B}"
EndProject
Global
	GlobalSection(SolutionConfigurationPlatforms) = preSolution
		Debug|Any CPU = Debug|Any CPU
		Release|Any CPU = Release|Any CPU
	EndGlobalSection
	GlobalSection(ProjectConfigurationPlatforms) = postSolution
		{A2370415-68FB-4634-9173-BF2FDEABFB7B}.Debug|Any CPU.ActiveCfg = Debug|Any CPU
		{A2370415-68FB-4634-9173-BF2FDEABFB7B}.Debug|Any CPU.Build.0 = Debug|Any CPU
		{A2370415-68FB-4634-9173-BF2FDEABFB7B}.Release|Any CPU.ActiveCfg = Release|Any CPU
		{A2370415-68FB-4634-9173-BF2FDEABFB7B}.Release|Any CPU.Build.0 = Release|Any CPU
	EndGlobalSection
	GlobalSection(SolutionProperties) = preSolution
		HideSolutionNode = FALSE
	EndGlobalSection
	GlobalSection(ExtensibilityGlobals) = postSolution
		SolutionGuid = {5D2AAAAE-D69A-4F4D-9FCD-89E7AB5F68FF}
	EndGlobalSection
EndGlobal
